PODS:
  - Nimble (7.0.3)
  - Quick (1.2.0)
  - RxCocoa (4.1.2):
    - RxSwift (~> 4.0)
  - RxSplitSlider (0.0.1):
    - RxCocoa (~> 4.1.2)
    - SplitSlider (~> 0.1.1)
  - RxSwift (4.1.2)
  - SplitSlider (0.1.1)

DEPENDENCIES:
  - Nimble (~> 7.0.2)
  - Quick (~> 1.2.0)
  - RxSplitSlider (from `../`)

EXTERNAL SOURCES:
  RxSplitSlider:
    :path: ../

SPEC CHECKSUMS:
  Nimble: 7f5a9c447a33002645a071bddafbfb24ea70e0ac
  Quick: 58d203b1c5e27fff7229c4c1ae445ad7069a7a08
  RxCocoa: d88ba0f1f6abf040011a9eb4b539324fc426843a
  RxSplitSlider: 56a157bef45ec8629d7338373b82fe10dd20f175
  RxSwift: e49536837d9901277638493ea537394d4b55f570
  SplitSlider: a1c51f624e53f75d1cecf6d9b0968d2b470962a0

PODFILE CHECKSUM: 282f37990605ef4a689eaf8a053528c5876e5203

COCOAPODS: 1.4.0
